// !$*UTF8*$!
{
	archiveVersion = 1;
	classes = {
	};
	objectVersion = 46;
	objects = {

/* Begin PBXGroup section */
		F1456F2C13A6F0C400A35E22 = {
			isa = PBXGroup;
			children = (
			);
			sourceTree = "<group>";
		};
/* End PBXGroup section */

/* Begin PBXProject section */
		F1456F2E13A6F0C400A35E22 /* Project object */ = {
			isa = PBXProject;
			attributes = {
				ORGANIZATIONNAME = none;
			};
			buildConfigurationList = F1456F3113A6F0C400A35E22 /* Build configuration list for PBXProject "nodejs-connect" */;
			compatibilityVersion = "Xcode 3.2";
			developmentRegion = English;
			hasScannedForEncodings = 0;
			knownRegions = (
				en,
			);
			mainGroup = F1456F2C13A6F0C400A35E22;
			projectDirPath = "";
			projectRoot = "";
			targets = (
			);
		};
/* End PBXProject section */

/* Begin XCBuildConfiguration section */
		F1456F3313A6F0C400A35E22 /* Debug */ = {
			isa = XCBuildConfiguration;
			buildSettings = {
			};
			name = Debug;
		};
		F1456F3413A6F0C400A35E22 /* Release */ = {
			isa = XCBuildConfiguration;
			buildSettings = {
			};
			name = Release;
		};
/* End XCBuildConfiguration section */

/* Begin XCConfigurationList section */
		F1456F3113A6F0C400A35E22 /* Build configuration list for PBXProject "nodejs-connect" */ = {
			isa = XCConfigurationList;
			buildConfigurations = (
				F1456F3313A6F0C400A35E22 /* Debug */,
				F1456F3413A6F0C400A35E22 /* Release */,
			);
			defaultConfigurationIsVisible = 0;
			defaultConfigurationName = Release;
		};
/* End XCConfigurationList section */
	};
	rootObject = F1456F2E13A6F0C400A35E22 /* Project object */;
}
